dependencies:
  espressif/mdns:
    component_hash: e81ca7a7f53ea34e78274df054da692c272e1315572876b237b1748e267c013b
    dependencies:
    - name: idf
      require: private
      version: '>=5.0'
    source:
      registry_url: https://components.espressif.com/
      type: service
    version: 1.11.3
  h2zero/esp-nimble-cpp:
    component_hash: 720050476f7fb47bd0aa08a94642fd09a50536391d60081858702a789405d76f
    dependencies:
    - name: espressif/esp_hosted
      registry_url: https://components.espressif.com
      require: private
      rules:
      - if: target in [esp32p4]
      version: '*'
    - name: espressif/esp_wifi_remote
      registry_url: https://components.espressif.com
      require: private
      rules:
      - if: target in [esp32p4]
      version: '>=0.5.3'
    - name: idf
      require: private
      rules:
      - if: target in [esp32p4]
      version: '>=5.3.0'
    source:
      registry_url: https://components.espressif.com/
      type: service
    version: 2.5.0
  idf:
    source:
      type: idf
    version: 5.5.3
  joltwallet/littlefs:
    component_hash: 3af20a3d75c49db9dc2286fd50862c34055c9f578419ad1f2bf7ed3ed01391fe
    dependencies:
    - name: idf
      require: private
      version: '>=5.0'
    source:
      registry_url: https://components.espressif.com/
      type: service
    version: 1.22.3
  thorrak/esp_wifi_config:
    component_hash: 908a1cff1c4d10359a6f5296fcbfadd8c0496f427a603008cfe7fc7c21f31af3
    dependencies:
    - name: idf
      version: '>=5.4'
    - name: espressif/network_provisioning
      rules:
      - if: idf_version >=6.0
      version: ^1.0.0
    source:
      git: https://github.com/tonci22/esp_wifi_config.git
      path: .
      type: git
    targets:
    - esp32
    - esp32s2
    - esp32s3
    - esp32c3
    - esp32c6
    - esp32h2
    version: 1610265bd757e3f29c581a3da642caac24ee1c2f
direct_dependencies:
- espressif/mdns
- h2zero/esp-nimble-cpp
- idf
- joltwallet/littlefs
- thorrak/esp_wifi_config
manifest_hash: 887240e861fb88e8194339b96106ad70e1f834d1ae2989e702198c8c5a0d3a1e
target: esp32s3
version: 2.0.0
